// !$*UTF8*$!
{
	archiveVersion = 1;
	classes = {
	};
	objectVersion = 56;
	objects = {

/* Begin PBXBuildFile section */
		A2AF29D12A5DF4590058D963 /* SwiftUIEssLdmkApp.swift in Sources */ = {isa = PBXBuildFile; fileRef = A2AF29D02A5DF4590058D963 /* SwiftUIEssLdmkApp.swift */; };
		A2AF29D32A5DF4590058D963 /* ContentView.swift in Sources */ = {isa = PBXBuildFile; fileRef = A2AF29D22A5DF4590058D963 /* ContentView.swift */; };
		A2AF29D52A5DF45A0058D963 /* Assets.xcassets in Resources */ = {isa = PBXBuildFile; fileRef = A2AF29D42A5DF45A0058D963 /* Assets.xcassets */; };
		A2AF29D82A5DF45A0058D963 /* Preview Assets.xcassets in Resources */ = {isa = PBXBuildFile; fileRef = A2AF29D72A5DF45A0058D963 /* Preview Assets.xcassets */; };
		A2AF29DF2A5DF8830058D963 /* CircleImage.swift in Sources */ = {isa = PBXBuildFile; fileRef = A2AF29DE2A5DF8830058D963 /* CircleImage.swift */; };
		A2AF29E12A5DFA260058D963 /* MapView.swift in Sources */ = {isa = PBXBuildFile; fileRef = A2AF29E02A5DFA260058D963 /* MapView.swift */; };
		A2AF29E32A5E12320058D963 /* Landmark.swift in Sources */ = {isa = PBXBuildFile; fileRef = A2AF29E22A5E12320058D963 /* Landmark.swift */; };
		A2AF29E52A5E1C860058D963 /* ModelData.swift in Sources */ = {isa = PBXBuildFile; fileRef = A2AF29E42A5E1C860058D963 /* ModelData.swift */; };
		A2AF29EA2A5E1F2E0058D963 /* LandmarkRow.swift in Sources */ = {isa = PBXBuildFile; fileRef = A2AF29E92A5E1F2E0058D963 /* LandmarkRow.swift */; };
		A2AF29ED2A5E20BD0058D963 /* landmarkData.json in Resources */ = {isa = PBXBuildFile; fileRef = A2AF29EC2A5E20BD0058D963 /* landmarkData.json */; };
/* End PBXBuildFile section */

/* Begin PBXFileReference section */
		A2AF29CD2A5DF4590058D963 /* SwiftUIEssLdmk.app */ = {isa = PBXFileReference; explicitFileType = wrapper.application; includeInIndex = 0; path = SwiftUIEssLdmk.app; sourceTree = BUILT_PRODUCTS_DIR; };
		A2AF29D02A5DF4590058D963 /* SwiftUIEssLdmkApp.swift */ = {isa = PBXFileReference; lastKnownFileType = sourcecode.swift; path = SwiftUIEssLdmkApp.swift; sourceTree = "<group>"; };
		A2AF29D22A5DF4590058D963 /* ContentView.swift */ = {isa = PBXFileReference; lastKnownFileType = sourcecode.swift; path = ContentView.swift; sourceTree = "<group>"; };
		A2AF29D42A5DF45A0058D963 /* Assets.xcassets */ = {isa = PBXFileReference; lastKnownFileType = folder.assetcatalog; path = Assets.xcassets; sourceTree = "<group>"; };
		A2AF29D72A5DF45A0058D963 /* Preview Assets.xcassets */ = {isa = PBXFileReference; lastKnownFileType = folder.assetcatalog; path = "Preview Assets.xcassets"; sourceTree = "<group>"; };
		A2AF29DE2A5DF8830058D963 /* CircleImage.swift */ = {isa = PBXFileReference; lastKnownFileType = sourcecode.swift; path = CircleImage.swift; sourceTree = "<group>"; };
		A2AF29E02A5DFA260058D963 /* MapView.swift */ = {isa = PBXFileReference; lastKnownFileType = sourcecode.swift; path = MapView.swift; sourceTree = "<group>"; };
		A2AF29E22A5E12320058D963 /* Landmark.swift */ = {isa = PBXFileReference; lastKnownFileType = sourcecode.swift; path = Landmark.swift; sourceTree = "<group>"; };
		A2AF29E42A5E1C860058D963 /* ModelData.swift */ = {isa = PBXFileReference; lastKnownFileType = sourcecode.swift; path = ModelData.swift; sourceTree = "<group>"; };
		A2AF29E92A5E1F2E0058D963 /* LandmarkRow.swift */ = {isa = PBXFileReference; lastKnownFileType = sourcecode.swift; path = LandmarkRow.swift; sourceTree = "<group>"; };
		A2AF29EC2A5E20BD0058D963 /* landmarkData.json */ = {isa = PBXFileReference; fileEncoding = 4; lastKnownFileType = text.json; name = landmarkData.json; path = "../../../../../../Downloads/SwiftUI Essentials/BuildingListsAndNavigation/Resources/landmarkData.json"; sourceTree = "<group>"; };
/* End PBXFileReference section */

/* Begin PBXFrameworksBuildPhase section */
		A2AF29CA2A5DF4590058D963 /* Frameworks */ = {
			isa = PBXFrameworksBuildPhase;
			buildActionMask = 2147483647;
			files = (
			);
			runOnlyForDeploymentPostprocessing = 0;
		};
/* End PBXFrameworksBuildPhase section */

/* Begin PBXGroup section */
		A2AF29C42A5DF4590058D963 = {
			isa = PBXGroup;
			children = (
				A2AF29CF2A5DF4590058D963 /* SwiftUIEssLdmk */,
				A2AF29CE2A5DF4590058D963 /* Products */,
			);
			sourceTree = "<group>";
		};
		A2AF29CE2A5DF4590058D963 /* Products */ = {
			isa = PBXGroup;
			children = (
				A2AF29CD2A5DF4590058D963 /* SwiftUIEssLdmk.app */,
			);
			name = Products;
			sourceTree = "<group>";
		};
		A2AF29CF2A5DF4590058D963 /* SwiftUIEssLdmk */ = {
			isa = PBXGroup;
			children = (
				A2AF29D02A5DF4590058D963 /* SwiftUIEssLdmkApp.swift */,
				A2AF29E72A5E1E870058D963 /* Views */,
				A2AF29E82A5E1EBD0058D963 /* Model */,
				A2AF29EB2A5E20550058D963 /* Resources */,
				A2AF29D42A5DF45A0058D963 /* Assets.xcassets */,
				A2AF29D62A5DF45A0058D963 /* Preview Content */,
			);
			path = SwiftUIEssLdmk;
			sourceTree = "<group>";
		};
		A2AF29D62A5DF45A0058D963 /* Preview Content */ = {
			isa = PBXGroup;
			children = (
				A2AF29D72A5DF45A0058D963 /* Preview Assets.xcassets */,
			);
			path = "Preview Content";
			sourceTree = "<group>";
		};
		A2AF29E72A5E1E870058D963 /* Views */ = {
			isa = PBXGroup;
			children = (
				A2AF29DE2A5DF8830058D963 /* CircleImage.swift */,
				A2AF29D22A5DF4590058D963 /* ContentView.swift */,
				A2AF29E02A5DFA260058D963 /* MapView.swift */,
				A2AF29E92A5E1F2E0058D963 /* LandmarkRow.swift */,
			);
			path = Views;
			sourceTree = "<group>";
		};
		A2AF29E82A5E1EBD0058D963 /* Model */ = {
			isa = PBXGroup;
			children = (
				A2AF29E42A5E1C860058D963 /* ModelData.swift */,
				A2AF29E22A5E12320058D963 /* Landmark.swift */,
			);
			path = Model;
			sourceTree = "<group>";
		};
		A2AF29EB2A5E20550058D963 /* Resources */ = {
			isa = PBXGroup;
			children = (
				A2AF29EC2A5E20BD0058D963 /* landmarkData.json */,
			);
			path = Resources;
			sourceTree = "<group>";
		};
/* End PBXGroup section */

/* Begin PBXNativeTarget section */
		A2AF29CC2A5DF4590058D963 /* SwiftUIEssLdmk */ = {
			isa = PBXNativeTarget;
			buildConfigurationList = A2AF29DB2A5DF45A0058D963 /* Build configuration list for PBXNativeTarget "SwiftUIEssLdmk" */;
			buildPhases = (
				A2AF29C92A5DF4590058D963 /* Sources */,
				A2AF29CA2A5DF4590058D963 /* Frameworks */,
				A2AF29CB2A5DF4590058D963 /* Resources */,
			);
			buildRules = (
			);
			dependencies = (
			);
			name = SwiftUIEssLdmk;
			productName = SwiftUIEssLdmk;
			productReference = A2AF29CD2A5DF4590058D963 /* SwiftUIEssLdmk.app */;
			productType = "com.apple.product-type.application";
		};
/* End PBXNativeTarget section */

/* Begin PBXProject section */
		A2AF29C52A5DF4590058D963 /* Project object */ = {
			isa = PBXProject;
			attributes = {
				BuildIndependentTargetsInParallel = 1;
				LastSwiftUpdateCheck = 1430;
				LastUpgradeCheck = 1430;
				TargetAttributes = {
					A2AF29CC2A5DF4590058D963 = {
						CreatedOnToolsVersion = 14.3.1;
					};
				};
			};
			buildConfigurationList = A2AF29C82A5DF4590058D963 /* Build configuration list for PBXProject "SwiftUIEssLdmk" */;
			compatibilityVersion = "Xcode 14.0";
			developmentRegion = en;
			hasScannedForEncodings = 0;
			knownRegions = (
				en,
				Base,
			);
			mainGroup = A2AF29C42A5DF4590058D963;
			productRefGroup = A2AF29CE2A5DF4590058D963 /* Products */;
			projectDirPath = "";
			projectRoot = "";
			targets = (
				A2AF29CC2A5DF4590058D963 /* SwiftUIEssLdmk */,
			);
		};
/* End PBXProject section */

/* Begin PBXResourcesBuildPhase section */
		A2AF29CB2A5DF4590058D963 /* Resources */ = {
			isa = PBXResourcesBuildPhase;
			buildActionMask = 2147483647;
			files = (
				A2AF29D82A5DF45A0058D963 /* Preview Assets.xcassets in Resources */,
				A2AF29D52A5DF45A0058D963 /* Assets.xcassets in Resources */,
				A2AF29ED2A5E20BD0058D963 /* landmarkData.json in Resources */,
			);
			runOnlyForDeploymentPostprocessing = 0;
		};
/* End PBXResourcesBuildPhase section */

/* Begin PBXSourcesBuildPhase section */
		A2AF29C92A5DF4590058D963 /* Sources */ = {
			isa = PBXSourcesBuildPhase;
			buildActionMask = 2147483647;
			files = (
				A2AF29D32A5DF4590058D963 /* ContentView.swift in Sources */,
				A2AF29E52A5E1C860058D963 /* ModelData.swift in Sources */,
				A2AF29E12A5DFA260058D963 /* MapView.swift in Sources */,
				A2AF29D12A5DF4590058D963 /* SwiftUIEssLdmkApp.swift in Sources */,
				A2AF29DF2A5DF8830058D963 /* CircleImage.swift in Sources */,
				A2AF29EA2A5E1F2E0058D963 /* LandmarkRow.swift in Sources */,
				A2AF29E32A5E12320058D963 /* Landmark.swift in Sources */,
			);
			runOnlyForDeploymentPostprocessing = 0;
		};
/* End PBXSourcesBuildPhase section */

/* Begin XCBuildConfiguration section */
		A2AF29D92A5DF45A0058D963 /* Debug */ = {
			isa = XCBuildConfiguration;
			buildSettings = {
				ALWAYS_SEARCH_USER_PATHS = NO;
				CLANG_ANALYZER_NONNULL = YES;
				CLANG_ANALYZER_NUMBER_OBJECT_CONVERSION = YES_AGGRESSIVE;
				CLANG_CXX_LANGUAGE_STANDARD = "gnu++20";
				CLANG_ENABLE_MODULES = YES;
				CLANG_ENABLE_OBJC_ARC = YES;
				CLANG_ENABLE_OBJC_WEAK = YES;
				CLANG_WARN_BLOCK_CAPTURE_AUTORELEASING = YES;
				CLANG_WARN_BOOL_CONVERSION = YES;
				CLANG_WARN_COMMA = YES;
				CLANG_WARN_CONSTANT_CONVERSION = YES;
				CLANG_WARN_DEPRECATED_OBJC_IMPLEMENTATIONS = YES;
				CLANG_WARN_DIRECT_OBJC_ISA_USAGE = YES_ERROR;
				CLANG_WARN_DOCUMENTATION_COMMENTS = YES;
				CLANG_WARN_EMPTY_BODY = YES;
				CLANG_WARN_ENUM_CONVERSION = YES;
				CLANG_WARN_INFINITE_RECURSION = YES;
				CLANG_WARN_INT_CONVERSION = YES;
				CLANG_WARN_NON_LITERAL_NULL_CONVERSION = YES;
				CLANG_WARN_OBJC_IMPLICIT_RETAIN_SELF = YES;
				CLANG_WARN_OBJC_LITERAL_CONVERSION = YES;
				CLANG_WARN_OBJC_ROOT_CLASS = YES_ERROR;
				CLANG_WARN_QUOTED_INCLUDE_IN_FRAMEWORK_HEADER = YES;
				CLANG_WARN_RANGE_LOOP_ANALYSIS = YES;
				CLANG_WARN_STRICT_PROTOTYPES = YES;
				CLANG_WARN_SUSPICIOUS_MOVE = YES;
				CLANG_WARN_UNGUARDED_AVAILABILITY = YES_AGGRESSIVE;
				CLANG_WARN_UNREACHABLE_CODE = YES;
				CLANG_WARN__DUPLICATE_METHOD_MATCH = YES;
				COPY_PHASE_STRIP = NO;
				DEBUG_INFORMATION_FORMAT = dwarf;
				ENABLE_STRICT_OBJC_MSGSEND = YES;
				ENABLE_TESTABILITY = YES;
				GCC_C_LANGUAGE_STANDARD = gnu11;
				GCC_DYNAMIC_NO_PIC = NO;
				GCC_NO_COMMON_BLOCKS = YES;
				GCC_OPTIMIZATION_LEVEL = 0;
				GCC_PREPROCESSOR_DEFINITIONS = (
					"DEBUG=1",
					"$(inherited)",
				);
				GCC_WARN_64_TO_32_BIT_CONVERSION = YES;
				GCC_WARN_ABOUT_RETURN_TYPE = YES_ERROR;
				GCC_WARN_UNDECLARED_SELECTOR = YES;
				GCC_WARN_UNINITIALIZED_AUTOS = YES_AGGRESSIVE;
				GCC_WARN_UNUSED_FUNCTION = YES;
				GCC_WARN_UNUSED_VARIABLE = YES;
				IPHONEOS_DEPLOYMENT_TARGET = 16.4;
				MTL_ENABLE_DEBUG_INFO = INCLUDE_SOURCE;
				MTL_FAST_MATH = YES;
				ONLY_ACTIVE_ARCH = YES;
				SDKROOT = iphoneos;
				SWIFT_ACTIVE_COMPILATION_CONDITIONS = DEBUG;
				SWIFT_OPTIMIZATION_LEVEL = "-Onone";
			};
			name = Debug;
		};
		A2AF29DA2A5DF45A0058D963 /* Release */ = {
			isa = XCBuildConfiguration;
			buildSettings = {
				ALWAYS_SEARCH_USER_PATHS = NO;
				CLANG_ANALYZER_NONNULL = YES;
				CLANG_ANALYZER_NUMBER_OBJECT_CONVERSION = YES_AGGRESSIVE;
				CLANG_CXX_LANGUAGE_STANDARD = "gnu++20";
				CLANG_ENABLE_MODULES = YES;
				CLANG_ENABLE_OBJC_ARC = YES;
				CLANG_ENABLE_OBJC_WEAK = YES;
				CLANG_WARN_BLOCK_CAPTURE_AUTORELEASING = YES;
				CLANG_WARN_BOOL_CONVERSION = YES;
				CLANG_WARN_COMMA = YES;
				CLANG_WARN_CONSTANT_CONVERSION = YES;
				CLANG_WARN_DEPRECATED_OBJC_IMPLEMENTATIONS = YES;
				CLANG_WARN_DIRECT_OBJC_ISA_USAGE = YES_ERROR;
				CLANG_WARN_DOCUMENTATION_COMMENTS = YES;
				CLANG_WARN_EMPTY_BODY = YES;
				CLANG_WARN_ENUM_CONVERSION = YES;
				CLANG_WARN_INFINITE_RECURSION = YES;
				CLANG_WARN_INT_CONVERSION = YES;
				CLANG_WARN_NON_LITERAL_NULL_CONVERSION = YES;
				CLANG_WARN_OBJC_IMPLICIT_RETAIN_SELF = YES;
				CLANG_WARN_OBJC_LITERAL_CONVERSION = YES;
				CLANG_WARN_OBJC_ROOT_CLASS = YES_ERROR;
				CLANG_WARN_QUOTED_INCLUDE_IN_FRAMEWORK_HEADER = YES;
				CLANG_WARN_RANGE_LOOP_ANALYSIS = YES;
				CLANG_WARN_STRICT_PROTOTYPES = YES;
				CLANG_WARN_SUSPICIOUS_MOVE = YES;
				CLANG_WARN_UNGUARDED_AVAILABILITY = YES_AGGRESSIVE;
				CLANG_WARN_UNREACHABLE_CODE = YES;
				CLANG_WARN__DUPLICATE_METHOD_MATCH = YES;
				COPY_PHASE_STRIP = NO;
				DEBUG_INFORMATION_FORMAT = "dwarf-with-dsym";
				ENABLE_NS_ASSERTIONS = NO;
				ENABLE_STRICT_OBJC_MSGSEND = YES;
				GCC_C_LANGUAGE_STANDARD = gnu11;
				GCC_NO_COMMON_BLOCKS = YES;
				GCC_WARN_64_TO_32_BIT_CONVERSION = YES;
				GCC_WARN_ABOUT_RETURN_TYPE = YES_ERROR;
				GCC_WARN_UNDECLARED_SELECTOR = YES;
				GCC_WARN_UNINITIALIZED_AUTOS = YES_AGGRESSIVE;
				GCC_WARN_UNUSED_FUNCTION = YES;
				GCC_WARN_UNUSED_VARIABLE = YES;
				IPHONEOS_DEPLOYMENT_TARGET = 16.4;
				MTL_ENABLE_DEBUG_INFO = NO;
				MTL_FAST_MATH = YES;
				SDKROOT = iphoneos;
				SWIFT_COMPILATION_MODE = wholemodule;
				SWIFT_OPTIMIZATION_LEVEL = "-O";
				VALIDATE_PRODUCT = YES;
			};
			name = Release;
		};
		A2AF29DC2A5DF45A0058D963 /* Debug */ = {
			isa = XCBuildConfiguration;
			buildSettings = {
				ASSETCATALOG_COMPILER_APPICON_NAME = AppIcon;
				ASSETCATALOG_COMPILER_GLOBAL_ACCENT_COLOR_NAME = AccentColor;
				CODE_SIGN_STYLE = Automatic;
				CURRENT_PROJECT_VERSION = 1;
				DEVELOPMENT_ASSET_PATHS = "\"SwiftUIEssLdmk/Preview Content\"";
				ENABLE_PREVIEWS = YES;
				GENERATE_INFOPLIST_FILE = YES;
				INFOPLIST_KEY_UIApplicationSceneManifest_Generation = YES;
				INFOPLIST_KEY_UIApplicationSupportsIndirectInputEvents = YES;
				INFOPLIST_KEY_UILaunchScreen_Generation = YES;
				INFOPLIST_KEY_UISupportedInterfaceOrientations_iPad = "UIInterfaceOrientationPortrait UIInterfaceOrientationPortraitUpsideDown UIInterfaceOrientationLandscapeLeft UIInterfaceOrientationLandscapeRight";
				INFOPLIST_KEY_UISupportedInterfaceOrientations_iPhone = "UIInterfaceOrientationPortrait UIInterfaceOrientationLandscapeLeft UIInterfaceOrientationLandscapeRight";
				LD_RUNPATH_SEARCH_PATHS = (
					"$(inherited)",
					"@executable_path/Frameworks",
				);
				MARKETING_VERSION = 1.0;
				PRODUCT_BUNDLE_IDENTIFIER = ca.arnopan.SwiftUIEssLdmk;
				PRODUCT_NAME = "$(TARGET_NAME)";
				SWIFT_EMIT_LOC_STRINGS = YES;
				SWIFT_VERSION = 5.0;
				TARGETED_DEVICE_FAMILY = "1,2";
			};
			name = Debug;
		};
		A2AF29DD2A5DF45A0058D963 /* Release */ = {
			isa = XCBuildConfiguration;
			buildSettings = {
				ASSETCATALOG_COMPILER_APPICON_NAME = AppIcon;
				ASSETCATALOG_COMPILER_GLOBAL_ACCENT_COLOR_NAME = AccentColor;
				CODE_SIGN_STYLE = Automatic;
				CURRENT_PROJECT_VERSION = 1;
				DEVELOPMENT_ASSET_PATHS = "\"SwiftUIEssLdmk/Preview Content\"";
				ENABLE_PREVIEWS = YES;
				GENERATE_INFOPLIST_FILE = YES;
				INFOPLIST_KEY_UIApplicationSceneManifest_Generation = YES;
				INFOPLIST_KEY_UIApplicationSupportsIndirectInputEvents = YES;
				INFOPLIST_KEY_UILaunchScreen_Generation = YES;
				INFOPLIST_KEY_UISupportedInterfaceOrientations_iPad = "UIInterfaceOrientationPortrait UIInterfaceOrientationPortraitUpsideDown UIInterfaceOrientationLandscapeLeft UIInterfaceOrientationLandscapeRight";
				INFOPLIST_KEY_UISupportedInterfaceOrientations_iPhone = "UIInterfaceOrientationPortrait UIInterfaceOrientationLandscapeLeft UIInterfaceOrientationLandscapeRight";
				LD_RUNPATH_SEARCH_PATHS = (
					"$(inherited)",
					"@executable_path/Frameworks",
				);
				MARKETING_VERSION = 1.0;
				PRODUCT_BUNDLE_IDENTIFIER = ca.arnopan.SwiftUIEssLdmk;
				PRODUCT_NAME = "$(TARGET_NAME)";
				SWIFT_EMIT_LOC_STRINGS = YES;
				SWIFT_VERSION = 5.0;
				TARGETED_DEVICE_FAMILY = "1,2";
			};
			name = Release;
		};
/* End XCBuildConfiguration section */

/* Begin XCConfigurationList section */
		A2AF29C82A5DF4590058D963 /* Build configuration list for PBXProject "SwiftUIEssLdmk" */ = {
			isa = XCConfigurationList;
			buildConfigurations = (
				A2AF29D92A5DF45A0058D963 /* Debug */,
				A2AF29DA2A5DF45A0058D963 /* Release */,
			);
			defaultConfigurationIsVisible = 0;
			defaultConfigurationName = Release;
		};
		A2AF29DB2A5DF45A0058D963 /* Build configuration list for PBXNativeTarget "SwiftUIEssLdmk" */ = {
			isa = XCConfigurationList;
			buildConfigurations = (
				A2AF29DC2A5DF45A0058D963 /* Debug */,
				A2AF29DD2A5DF45A0058D963 /* Release */,
			);
			defaultConfigurationIsVisible = 0;
			defaultConfigurationName = Release;
		};
/* End XCConfigurationList section */
	};
	rootObject = A2AF29C52A5DF4590058D963 /* Project object */;
}
